// !$*UTF8*$!
{
	archiveVersion = 1;
	classes = {
	};
	objectVersion = 48;
	objects = {

/* Begin PBXBuildFile section */
		DB3A6D1626299E020099909C /* CodeSigner.swift in Sources */ = {isa = PBXBuildFile; fileRef = DB3A6D0626299E020099909C /* CodeSigner.swift */; };
		DB3A6D1726299E020099909C /* ViewController.swift in Sources */ = {isa = PBXBuildFile; fileRef = DB3A6D0726299E020099909C /* ViewController.swift */; };
		DB3A6D1826299E020099909C /* PlistHelper.swift in Sources */ = {isa = PBXBuildFile; fileRef = DB3A6D0826299E020099909C /* PlistHelper.swift */; };
		DB3A6D1926299E020099909C /* ProcessTask.swift in Sources */ = {isa = PBXBuildFile; fileRef = DB3A6D0926299E020099909C /* ProcessTask.swift */; };
		DB3A6D1A26299E020099909C /* Assets.xcassets in Resources */ = {isa = PBXBuildFile; fileRef = DB3A6D0B26299E020099909C /* Assets.xcassets */; };
		DB3A6D1B26299E020099909C /* UpdateAppleCer.sh in Resources */ = {isa = PBXBuildFile; fileRef = DB3A6D0C26299E020099909C /* UpdateAppleCer.sh */; };
		DB3A6D1C26299E020099909C /* MainView.swift in Sources */ = {isa = PBXBuildFile; fileRef = DB3A6D0D26299E020099909C /* MainView.swift */; };
		DB3A6D1D26299E020099909C /* Main.storyboard in Resources */ = {isa = PBXBuildFile; fileRef = DB3A6D0E26299E020099909C /* Main.storyboard */; };
		DB3A6D1E26299E020099909C /* HProgregressHUD.swift in Sources */ = {isa = PBXBuildFile; fileRef = DB3A6D1026299E020099909C /* HProgregressHUD.swift */; };
		DB3A6D1F26299E020099909C /* ProfileManager.swift in Sources */ = {isa = PBXBuildFile; fileRef = DB3A6D1126299E020099909C /* ProfileManager.swift */; };
		DB3A6D2026299E020099909C /* StringExtension.swift in Sources */ = {isa = PBXBuildFile; fileRef = DB3A6D1226299E020099909C /* StringExtension.swift */; };
		DB3A6D2126299E020099909C /* Tools.swift in Sources */ = {isa = PBXBuildFile; fileRef = DB3A6D1326299E020099909C /* Tools.swift */; };
		DB3A6D2226299E020099909C /* AppDelegate.swift in Sources */ = {isa = PBXBuildFile; fileRef = DB3A6D1426299E020099909C /* AppDelegate.swift */; };
		DB3A6D2326299E020099909C /* Info.plist in Resources */ = {isa = PBXBuildFile; fileRef = DB3A6D1526299E020099909C /* Info.plist */; };
/* End PBXBuildFile section */

/* Begin PBXFileReference section */
		8A4B79822016D5E2007ACEA4 /* 随便签.app */ = {isa = PBXFileReference; explicitFileType = wrapper.application; includeInIndex = 0; path = "随便签.app"; sourceTree = BUILT_PRODUCTS_DIR; };
		DB3A6D0626299E020099909C /* CodeSigner.swift */ = {isa = PBXFileReference; fileEncoding = 4; lastKnownFileType = sourcecode.swift; path = CodeSigner.swift; sourceTree = "<group>"; };
		DB3A6D0726299E020099909C /* ViewController.swift */ = {isa = PBXFileReference; fileEncoding = 4; lastKnownFileType = sourcecode.swift; path = ViewController.swift; sourceTree = "<group>"; };
		DB3A6D0826299E020099909C /* PlistHelper.swift */ = {isa = PBXFileReference; fileEncoding = 4; lastKnownFileType = sourcecode.swift; path = PlistHelper.swift; sourceTree = "<group>"; };
		DB3A6D0926299E020099909C /* ProcessTask.swift */ = {isa = PBXFileReference; fileEncoding = 4; lastKnownFileType = sourcecode.swift; path = ProcessTask.swift; sourceTree = "<group>"; };
		DB3A6D0A26299E020099909C /* ResignForiOS.entitlements */ = {isa = PBXFileReference; fileEncoding = 4; lastKnownFileType = text.plist.entitlements; path = ResignForiOS.entitlements; sourceTree = "<group>"; };
		DB3A6D0B26299E020099909C /* Assets.xcassets */ = {isa = PBXFileReference; lastKnownFileType = folder.assetcatalog; path = Assets.xcassets; sourceTree = "<group>"; };
		DB3A6D0C26299E020099909C /* UpdateAppleCer.sh */ = {isa = PBXFileReference; fileEncoding = 4; lastKnownFileType = text.script.sh; path = UpdateAppleCer.sh; sourceTree = "<group>"; };
		DB3A6D0D26299E020099909C /* MainView.swift */ = {isa = PBXFileReference; fileEncoding = 4; lastKnownFileType = sourcecode.swift; path = MainView.swift; sourceTree = "<group>"; };
		DB3A6D0F26299E020099909C /* Base */ = {isa = PBXFileReference; lastKnownFileType = file.storyboard; name = Base; path = Base.lproj/Main.storyboard; sourceTree = "<group>"; };
		DB3A6D1026299E020099909C /* HProgregressHUD.swift */ = {isa = PBXFileReference; fileEncoding = 4; lastKnownFileType = sourcecode.swift; path = HProgregressHUD.swift; sourceTree = "<group>"; };
		DB3A6D1126299E020099909C /* ProfileManager.swift */ = {isa = PBXFileReference; fileEncoding = 4; lastKnownFileType = sourcecode.swift; path = ProfileManager.swift; sourceTree = "<group>"; };
		DB3A6D1226299E020099909C /* StringExtension.swift */ = {isa = PBXFileReference; fileEncoding = 4; lastKnownFileType = sourcecode.swift; path = StringExtension.swift; sourceTree = "<group>"; };
		DB3A6D1326299E020099909C /* Tools.swift */ = {isa = PBXFileReference; fileEncoding = 4; lastKnownFileType = sourcecode.swift; path = Tools.swift; sourceTree = "<group>"; };
		DB3A6D1426299E020099909C /* AppDelegate.swift */ = {isa = PBXFileReference; fileEncoding = 4; lastKnownFileType = sourcecode.swift; path = AppDelegate.swift; sourceTree = "<group>"; };
		DB3A6D1526299E020099909C /* Info.plist */ = {isa = PBXFileReference; fileEncoding = 4; lastKnownFileType = text.plist.xml; path = Info.plist; sourceTree = "<group>"; };
/* End PBXFileReference section */

/* Begin PBXFrameworksBuildPhase section */
		8A4B797F2016D5E2007ACEA4 /* Frameworks */ = {
			isa = PBXFrameworksBuildPhase;
			buildActionMask = 2147483647;
			files = (
			);
			runOnlyForDeploymentPostprocessing = 0;
		};
/* End PBXFrameworksBuildPhase section */

/* Begin PBXGroup section */
		8A4B79792016D5E2007ACEA4 = {
			isa = PBXGroup;
			children = (
				DB3A6D3326299E670099909C /* Classes */,
				8A4B79832016D5E2007ACEA4 /* Products */,
			);
			sourceTree = "<group>";
		};
		8A4B79832016D5E2007ACEA4 /* Products */ = {
			isa = PBXGroup;
			children = (
				8A4B79822016D5E2007ACEA4 /* 随便签.app */,
			);
			name = Products;
			sourceTree = "<group>";
		};
		DB3A6D3326299E670099909C /* Classes */ = {
			isa = PBXGroup;
			children = (
				DB3A6D3626299E770099909C /* Other */,
				DB3A6D3526299E730099909C /* Main */,
				DB3A6D3426299E6E0099909C /* Tools */,
			);
			path = Classes;
			sourceTree = "<group>";
		};
		DB3A6D3426299E6E0099909C /* Tools */ = {
			isa = PBXGroup;
			children = (
				DB3A6D1026299E020099909C /* HProgregressHUD.swift */,
				DB3A6D1126299E020099909C /* ProfileManager.swift */,
				DB3A6D1226299E020099909C /* StringExtension.swift */,
				DB3A6D1326299E020099909C /* Tools.swift */,
				DB3A6D0826299E020099909C /* PlistHelper.swift */,
				DB3A6D0926299E020099909C /* ProcessTask.swift */,
			);
			path = Tools;
			sourceTree = "<group>";
		};
		DB3A6D3526299E730099909C /* Main */ = {
			isa = PBXGroup;
			children = (
				DB3A6D0626299E020099909C /* CodeSigner.swift */,
				DB3A6D0726299E020099909C /* ViewController.swift */,
				DB3A6D0D26299E020099909C /* MainView.swift */,
			);
			path = Main;
			sourceTree = "<group>";
		};
		DB3A6D3626299E770099909C /* Other */ = {
			isa = PBXGroup;
			children = (
				DB3A6D0A26299E020099909C /* ResignForiOS.entitlements */,
				DB3A6D0B26299E020099909C /* Assets.xcassets */,
				DB3A6D0C26299E020099909C /* UpdateAppleCer.sh */,
				DB3A6D0E26299E020099909C /* Main.storyboard */,
				DB3A6D1526299E020099909C /* Info.plist */,
				DB3A6D1426299E020099909C /* AppDelegate.swift */,
			);
			path = Other;
			sourceTree = "<group>";
		};
/* End PBXGroup section */

/* Begin PBXNativeTarget section */
		8A4B79812016D5E2007ACEA4 /* 随便签 */ = {
			isa = PBXNativeTarget;
			buildConfigurationList = 8A4B79922016D5E2007ACEA4 /* Build configuration list for PBXNativeTarget "随便签" */;
			buildPhases = (
				8A4B797E2016D5E2007ACEA4 /* Sources */,
				8A4B797F2016D5E2007ACEA4 /* Frameworks */,
				8A4B79802016D5E2007ACEA4 /* Resources */,
			);
			buildRules = (
			);
			dependencies = (
			);
			name = "随便签";
			productName = ResignForiOS;
			productReference = 8A4B79822016D5E2007ACEA4 /* 随便签.app */;
			productType = "com.apple.product-type.application";
		};
/* End PBXNativeTarget section */

/* Begin PBXProject section */
		8A4B797A2016D5E2007ACEA4 /* Project object */ = {
			isa = PBXProject;
			attributes = {
				LastSwiftUpdateCheck = 0930;
				LastUpgradeCheck = 1140;
				ORGANIZATIONNAME = cheng;
				TargetAttributes = {
					8A4B79812016D5E2007ACEA4 = {
						CreatedOnToolsVersion = 9.2;
						LastSwiftMigration = 1140;
						ProvisioningStyle = Manual;
						SystemCapabilities = {
							com.apple.Sandbox = {
								enabled = 0;
							};
						};
					};
				};
			};
			buildConfigurationList = 8A4B797D2016D5E2007ACEA4 /* Build configuration list for PBXProject "随便签" */;
			compatibilityVersion = "Xcode 8.0";
			developmentRegion = en;
			hasScannedForEncodings = 0;
			knownRegions = (
				en,
				Base,
			);
			mainGroup = 8A4B79792016D5E2007ACEA4;
			productRefGroup = 8A4B79832016D5E2007ACEA4 /* Products */;
			projectDirPath = "";
			projectRoot = "";
			targets = (
				8A4B79812016D5E2007ACEA4 /* 随便签 */,
			);
		};
/* End PBXProject section */

/* Begin PBXResourcesBuildPhase section */
		8A4B79802016D5E2007ACEA4 /* Resources */ = {
			isa = PBXResourcesBuildPhase;
			buildActionMask = 2147483647;
			files = (
				DB3A6D2326299E020099909C /* Info.plist in Resources */,
				DB3A6D1D26299E020099909C /* Main.storyboard in Resources */,
				DB3A6D1A26299E020099909C /* Assets.xcassets in Resources */,
				DB3A6D1B26299E020099909C /* UpdateAppleCer.sh in Resources */,
			);
			runOnlyForDeploymentPostprocessing = 0;
		};
/* End PBXResourcesBuildPhase section */

/* Begin PBXSourcesBuildPhase section */
		8A4B797E2016D5E2007ACEA4 /* Sources */ = {
			isa = PBXSourcesBuildPhase;
			buildActionMask = 2147483647;
			files = (
				DB3A6D2126299E020099909C /* Tools.swift in Sources */,
				DB3A6D1826299E020099909C /* PlistHelper.swift in Sources */,
				DB3A6D2226299E020099909C /* AppDelegate.swift in Sources */,
				DB3A6D1726299E020099909C /* ViewController.swift in Sources */,
				DB3A6D1926299E020099909C /* ProcessTask.swift in Sources */,
				DB3A6D1626299E020099909C /* CodeSigner.swift in Sources */,
				DB3A6D1F26299E020099909C /* ProfileManager.swift in Sources */,
				DB3A6D1E26299E020099909C /* HProgregressHUD.swift in Sources */,
				DB3A6D2026299E020099909C /* StringExtension.swift in Sources */,
				DB3A6D1C26299E020099909C /* MainView.swift in Sources */,
			);
			runOnlyForDeploymentPostprocessing = 0;
		};
/* End PBXSourcesBuildPhase section */

/* Begin PBXVariantGroup section */
		DB3A6D0E26299E020099909C /* Main.storyboard */ = {
			isa = PBXVariantGroup;
			children = (
				DB3A6D0F26299E020099909C /* Base */,
			);
			name = Main.storyboard;
			sourceTree = "<group>";
		};
/* End PBXVariantGroup section */

/* Begin XCBuildConfiguration section */
		8A4B79902016D5E2007ACEA4 /* Debug */ = {
			isa = XCBuildConfiguration;
			buildSettings = {
				ALWAYS_SEARCH_USER_PATHS = NO;
				CLANG_ANALYZER_NONNULL = YES;
				CLANG_ANALYZER_NUMBER_OBJECT_CONVERSION = YES_AGGRESSIVE;
				CLANG_CXX_LANGUAGE_STANDARD = "gnu++14";
				CLANG_CXX_LIBRARY = "libc++";
				CLANG_ENABLE_MODULES = YES;
				CLANG_ENABLE_OBJC_ARC = YES;
				CLANG_WARN_BLOCK_CAPTURE_AUTORELEASING = YES;
				CLANG_WARN_BOOL_CONVERSION = YES;
				CLANG_WARN_COMMA = YES;
				CLANG_WARN_CONSTANT_CONVERSION = YES;
				CLANG_WARN_DEPRECATED_OBJC_IMPLEMENTATIONS = YES;
				CLANG_WARN_DIRECT_OBJC_ISA_USAGE = YES_ERROR;
				CLANG_WARN_DOCUMENTATION_COMMENTS = YES;
				CLANG_WARN_EMPTY_BODY = YES;
				CLANG_WARN_ENUM_CONVERSION = YES;
				CLANG_WARN_INFINITE_RECURSION = YES;
				CLANG_WARN_INT_CONVERSION = YES;
				CLANG_WARN_NON_LITERAL_NULL_CONVERSION = YES;
				CLANG_WARN_OBJC_IMPLICIT_RETAIN_SELF = YES;
				CLANG_WARN_OBJC_LITERAL_CONVERSION = YES;
				CLANG_WARN_OBJC_ROOT_CLASS = YES_ERROR;
				CLANG_WARN_RANGE_LOOP_ANALYSIS = YES;
				CLANG_WARN_STRICT_PROTOTYPES = YES;
				CLANG_WARN_SUSPICIOUS_MOVE = YES;
				CLANG_WARN_UNGUARDED_AVAILABILITY = YES_AGGRESSIVE;
				CLANG_WARN_UNREACHABLE_CODE = YES;
				CLANG_WARN__DUPLICATE_METHOD_MATCH = YES;
				CODE_SIGN_IDENTITY = "-";
				COPY_PHASE_STRIP = NO;
				DEBUG_INFORMATION_FORMAT = dwarf;
				ENABLE_STRICT_OBJC_MSGSEND = YES;
				ENABLE_TESTABILITY = YES;
				GCC_C_LANGUAGE_STANDARD = gnu11;
				GCC_DYNAMIC_NO_PIC = NO;
				GCC_NO_COMMON_BLOCKS = YES;
				GCC_OPTIMIZATION_LEVEL = 0;
				GCC_PREPROCESSOR_DEFINITIONS = (
					"DEBUG=1",
					"$(inherited)",
				);
				GCC_WARN_64_TO_32_BIT_CONVERSION = YES;
				GCC_WARN_ABOUT_RETURN_TYPE = YES_ERROR;
				GCC_WARN_UNDECLARED_SELECTOR = YES;
				GCC_WARN_UNINITIALIZED_AUTOS = YES_AGGRESSIVE;
				GCC_WARN_UNUSED_FUNCTION = YES;
				GCC_WARN_UNUSED_VARIABLE = YES;
				MACOSX_DEPLOYMENT_TARGET = 10.10;
				MTL_ENABLE_DEBUG_INFO = YES;
				ONLY_ACTIVE_ARCH = YES;
				SDKROOT = macosx;
				SWIFT_ACTIVE_COMPILATION_CONDITIONS = DEBUG;
				SWIFT_OPTIMIZATION_LEVEL = "-Onone";
			};
			name = Debug;
		};
		8A4B79912016D5E2007ACEA4 /* Release */ = {
			isa = XCBuildConfiguration;
			buildSettings = {
				ALWAYS_SEARCH_USER_PATHS = NO;
				CLANG_ANALYZER_NONNULL = YES;
				CLANG_ANALYZER_NUMBER_OBJECT_CONVERSION = YES_AGGRESSIVE;
				CLANG_CXX_LANGUAGE_STANDARD = "gnu++14";
				CLANG_CXX_LIBRARY = "libc++";
				CLANG_ENABLE_MODULES = YES;
				CLANG_ENABLE_OBJC_ARC = YES;
				CLANG_WARN_BLOCK_CAPTURE_AUTORELEASING = YES;
				CLANG_WARN_BOOL_CONVERSION = YES;
				CLANG_WARN_COMMA = YES;
				CLANG_WARN_CONSTANT_CONVERSION = YES;
				CLANG_WARN_DEPRECATED_OBJC_IMPLEMENTATIONS = YES;
				CLANG_WARN_DIRECT_OBJC_ISA_USAGE = YES_ERROR;
				CLANG_WARN_DOCUMENTATION_COMMENTS = YES;
				CLANG_WARN_EMPTY_BODY = YES;
				CLANG_WARN_ENUM_CONVERSION = YES;
				CLANG_WARN_INFINITE_RECURSION = YES;
				CLANG_WARN_INT_CONVERSION = YES;
				CLANG_WARN_NON_LITERAL_NULL_CONVERSION = YES;
				CLANG_WARN_OBJC_IMPLICIT_RETAIN_SELF = YES;
				CLANG_WARN_OBJC_LITERAL_CONVERSION = YES;
				CLANG_WARN_OBJC_ROOT_CLASS = YES_ERROR;
				CLANG_WARN_RANGE_LOOP_ANALYSIS = YES;
				CLANG_WARN_STRICT_PROTOTYPES = YES;
				CLANG_WARN_SUSPICIOUS_MOVE = YES;
				CLANG_WARN_UNGUARDED_AVAILABILITY = YES_AGGRESSIVE;
				CLANG_WARN_UNREACHABLE_CODE = YES;
				CLANG_WARN__DUPLICATE_METHOD_MATCH = YES;
				CODE_SIGN_IDENTITY = "-";
				COPY_PHASE_STRIP = NO;
				DEBUG_INFORMATION_FORMAT = "dwarf-with-dsym";
				ENABLE_NS_ASSERTIONS = NO;
				ENABLE_STRICT_OBJC_MSGSEND = YES;
				GCC_C_LANGUAGE_STANDARD = gnu11;
				GCC_NO_COMMON_BLOCKS = YES;
				GCC_WARN_64_TO_32_BIT_CONVERSION = YES;
				GCC_WARN_ABOUT_RETURN_TYPE = YES_ERROR;
				GCC_WARN_UNDECLARED_SELECTOR = YES;
				GCC_WARN_UNINITIALIZED_AUTOS = YES_AGGRESSIVE;
				GCC_WARN_UNUSED_FUNCTION = YES;
				GCC_WARN_UNUSED_VARIABLE = YES;
				MACOSX_DEPLOYMENT_TARGET = 10.10;
				MTL_ENABLE_DEBUG_INFO = NO;
				SDKROOT = macosx;
				SWIFT_OPTIMIZATION_LEVEL = "-Owholemodule";
			};
			name = Release;
		};
		8A4B79932016D5E2007ACEA4 /* Debug */ = {
			isa = XCBuildConfiguration;
			buildSettings = {
				ASSETCATALOG_COMPILER_APPICON_NAME = AppIcon;
				CODE_SIGN_IDENTITY = "-";
				CODE_SIGN_STYLE = Manual;
				COMBINE_HIDPI_IMAGES = YES;
				DEVELOPMENT_TEAM = "";
				INFOPLIST_FILE = Classes/Other/Info.plist;
				LD_RUNPATH_SEARCH_PATHS = "$(inherited) @executable_path/../Frameworks";
				MACOSX_DEPLOYMENT_TARGET = 10.15;
				MARKETING_VERSION = 1.0.1;
				PRODUCT_BUNDLE_IDENTIFIER = com.chengcheng.ResignForiOS;
				PRODUCT_NAME = "$(TARGET_NAME)";
				PROVISIONING_PROFILE_SPECIFIER = "";
				SWIFT_VERSION = 5.0;
			};
			name = Debug;
		};
		8A4B79942016D5E2007ACEA4 /* Release */ = {
			isa = XCBuildConfiguration;
			buildSettings = {
				ASSETCATALOG_COMPILER_APPICON_NAME = AppIcon;
				CODE_SIGN_IDENTITY = "-";
				CODE_SIGN_STYLE = Manual;
				COMBINE_HIDPI_IMAGES = YES;
				DEVELOPMENT_TEAM = "";
				INFOPLIST_FILE = Classes/Other/Info.plist;
				LD_RUNPATH_SEARCH_PATHS = "$(inherited) @executable_path/../Frameworks";
				MACOSX_DEPLOYMENT_TARGET = 10.15;
				MARKETING_VERSION = 1.0.1;
				PRODUCT_BUNDLE_IDENTIFIER = com.chengcheng.ResignForiOS;
				PRODUCT_NAME = "$(TARGET_NAME)";
				PROVISIONING_PROFILE_SPECIFIER = "";
				SWIFT_VERSION = 5.0;
			};
			name = Release;
		};
/* End XCBuildConfiguration section */

/* Begin XCConfigurationList section */
		8A4B797D2016D5E2007ACEA4 /* Build configuration list for PBXProject "随便签" */ = {
			isa = XCConfigurationList;
			buildConfigurations = (
				8A4B79902016D5E2007ACEA4 /* Debug */,
				8A4B79912016D5E2007ACEA4 /* Release */,
			);
			defaultConfigurationIsVisible = 0;
			defaultConfigurationName = Release;
		};
		8A4B79922016D5E2007ACEA4 /* Build configuration list for PBXNativeTarget "随便签" */ = {
			isa = XCConfigurationList;
			buildConfigurations = (
				8A4B79932016D5E2007ACEA4 /* Debug */,
				8A4B79942016D5E2007ACEA4 /* Release */,
			);
			defaultConfigurationIsVisible = 0;
			defaultConfigurationName = Release;
		};
/* End XCConfigurationList section */
	};
	rootObject = 8A4B797A2016D5E2007ACEA4 /* Project object */;
}
